
Microsoft Visual Studio Solution File, Format Version 12.00
# Visual Studio 2013
VisualStudioVersion = 12.0.31101.0
MinimumVisualStudioVersion = 10.0.40219.1
Project("{FAE04EC0-301F-11D3-BF4B-00C04F79EFBC}") = "Komut.Data.MongoDB", "src\Komut.Data.MongoDB\Komut.Data.MongoDB.csproj", "{587ACEFC-9F0E-48DF-B032-3D03D6351405}"
EndProject
Project("{FAE04EC0-301F-11D3-BF4B-00C04F79EFBC}") = "Komut.Data.MongoDB.Test", "src\Komut.Data.MongoDB.Test\Komut.Data.MongoDB.Test.csproj", "{B5BCE3CA-8B93-4D72-B7B7-7FE38D821A1D}"
EndProject
Global
	GlobalSection(SolutionConfigurationPlatforms) = preSolution
		Debug|Any CPU = Debug|Any CPU
		Release|Any CPU = Release|Any CPU
	EndGlobalSection
	GlobalSection(ProjectConfigurationPlatforms) = postSolution
		{587ACEFC-9F0E-48DF-B032-3D03D6351405}.Debug|Any CPU.ActiveCfg = Debug|Any CPU
		{587ACEFC-9F0E-48DF-B032-3D03D6351405}.Debug|Any CPU.Build.0 = Debug|Any CPU
		{587ACEFC-9F0E-48DF-B032-3D03D6351405}.Release|Any CPU.ActiveCfg = Release|Any CPU
		{587ACEFC-9F0E-48DF-B032-3D03D6351405}.Release|Any CPU.Build.0 = Release|Any CPU
		{B5BCE3CA-8B93-4D72-B7B7-7FE38D821A1D}.Debug|Any CPU.ActiveCfg = Debug|Any CPU
		{B5BCE3CA-8B93-4D72-B7B7-7FE38D821A1D}.Debug|Any CPU.Build.0 = Debug|Any CPU
		{B5BCE3CA-8B93-4D72-B7B7-7FE38D821A1D}.Release|Any CPU.ActiveCfg = Release|Any CPU
		{B5BCE3CA-8B93-4D72-B7B7-7FE38D821A1D}.Release|Any CPU.Build.0 = Release|Any CPU
	EndGlobalSection
	GlobalSection(SolutionProperties) = preSolution
		HideSolutionNode = FALSE
	EndGlobalSection
EndGlobal
